
Microsoft Visual Studio Solution File, Format Version 12.00
# Visual Studio Version 17
VisualStudioVersion = 17.3.32922.545
MinimumVisualStudioVersion = 10.0.40219.1
Project("{FAE04EC0-301F-11D3-BF4B-00C04F79EFBC}") = "RazorPagesMovie", "RazorPagesMovie\RazorPagesMovie.csproj", "{F09C8EAE-D70D-4246-8AD8-0437BD09FF5D}"
EndProject
Global
	GlobalSection(SolutionConfigurationPlatforms) = preSolution
		Debug|Any CPU = Debug|Any CPU
		Release|Any CPU = Release|Any CPU
	EndGlobalSection
	GlobalSection(ProjectConfigurationPlatforms) = postSolution
		{F09C8EAE-D70D-4246-8AD8-0437BD09FF5D}.Debug|Any CPU.ActiveCfg = Debug|Any CPU
		{F09C8EAE-D70D-4246-8AD8-0437BD09FF5D}.Debug|Any CPU.Build.0 = Debug|Any CPU
		{F09C8EAE-D70D-4246-8AD8-0437BD09FF5D}.Release|Any CPU.ActiveCfg = Release|Any CPU
		{F09C8EAE-D70D-4246-8AD8-0437BD09FF5D}.Release|Any CPU.Build.0 = Release|Any CPU
	EndGlobalSection
	GlobalSection(SolutionProperties) = preSolution
		HideSolutionNode = FALSE
	EndGlobalSection
	GlobalSection(ExtensibilityGlobals) = postSolution
		SolutionGuid = {6418DE59-A2D4-4AF6-AD2A-32E8B047DC4B}
	EndGlobalSection
EndGlobal
